<Solution>
  <Folder Name="/src/">
    <Project Path="src/UserAuth.Api/UserAuth.Api.csproj" />
  </Folder>
  <Project Path="UserAuthWithOTP.API/UserAuthWithOTP.API.csproj" Id="37520f8c-e21b-4594-aa0f-8a502fc29888" />
  <Project Path="UserAuthWithOTP.DataLayer/UserAuthWithOTP.DataLayer.csproj" Id="bb239e22-4578-4a60-9d1c-1cd01d6e09b4" />
  <Project Path="UserAuthWithOTP.Unit/UserAuthWithOTP.Unit.csproj" Id="c35878af-9073-4fc2-933f-9ac3290db90f" />
</Solution>
